{
  "version": "3",
  "packages": {
    "specifiers": {
      "jsr:@std/encoding@^0.224.3": "jsr:@std/encoding@0.224.3",
      "jsr:@std/fs@^0.229.3": "jsr:@std/fs@0.229.3",
      "jsr:@std/http@^0.224.5": "jsr:@std/http@0.224.5",
      "jsr:@std/path@1.0.0-rc.1": "jsr:@std/path@1.0.0-rc.1",
      "npm:@types/node": "npm:@types/node@18.16.19",
      "npm:tweetnacl@1.0.3": "npm:tweetnacl@1.0.3"
    },
    "jsr": {
      "@std/encoding@0.224.3": {
        "integrity": "5e861b6d81be5359fad4155e591acf17c0207b595112d1840998bb9f476dbdaf"
      },
      "@std/fs@0.229.3": {
        "integrity": "783bca21f24da92e04c3893c9e79653227ab016c48e96b3078377ebd5222e6eb",
        "dependencies": [
          "jsr:@std/path@1.0.0-rc.1"
        ]
      },
      "@std/http@0.224.5": {
        "integrity": "b03b5d1529f6c423badfb82f6640f9f2557b4034cd7c30655ba5bb447ff750a4"
      },
      "@std/path@1.0.0-rc.1": {
        "integrity": "b8c00ae2f19106a6bb7cbf1ab9be52aa70de1605daeb2dbdc4f87a7cbaf10ff6"
      }
    },
    "npm": {
      "@types/node@18.16.19": {
        "integrity": "sha512-IXl7o+R9iti9eBW4Wg2hx1xQDig183jj7YLn8F7udNceyfkbn1ZxmzZXuak20gR40D7pIkIY1kYGx5VIGbaHKA==",
        "dependencies": {}
      },
      "tweetnacl@1.0.3": {
        "integrity": "sha512-6rt+RN7aOi1nGMyC4Xa5DdYiukl2UWCbcJft7YhxReBGQD7OAM8Pbxw6YMo4r2diNEA8FEmu32YOn9rhaiE5yw==",
        "dependencies": {}
      }
    }
  },
  "remote": {
    "https://esm.sh/@discordjs/core@1.2.0/http-only": "4f9856f5d37ea652fd87abfa30a3a311963a1c0d422f3d817e664bbaf57a04d2",
    "https://esm.sh/@discordjs/formatters@0.4.0": "c4e1c7d2165850b1608e799e35d293b61bf1e3336cea460dca4c7f74609c2d6d",
    "https://esm.sh/@discordjs/rest@2.3.0": "31cc3e0501611cca780908be7cba5883930216b61f7cb2cf4f6a102c1fa4bdb2",
    "https://esm.sh/v135/@discordjs/collection@2.1.0/denonext/collection.mjs": "5dc704971ad5f773bd1a0c6afcbc0bf587b507b3b7e66942345a6b6117b06999",
    "https://esm.sh/v135/@discordjs/core@1.2.0/denonext/http-only.js": "22d90375285d18df9f6064b10b26dc6864348ba44f1b68a3d840eaf28c0dbe4c",
    "https://esm.sh/v135/@discordjs/formatters@0.4.0/denonext/formatters.mjs": "fdf2ceaec86e54ac5918faecb8516706edb166029f6ad204397d129c6352f202",
    "https://esm.sh/v135/@discordjs/rest@2.3.0/denonext/rest.mjs": "1ac04e19153efa9b49eb89b5d758dea01f35c4caf6453033456d1d5820c2ce62",
    "https://esm.sh/v135/@discordjs/util@1.1.0/denonext/util.mjs": "ad2eacd37b22aab590091864e3b6686ccb30fca2a6a669ffa8a988d662e3fd6d",
    "https://esm.sh/v135/@sapphire/async-queue@1.5.2/denonext/async-queue.mjs": "29f569d214f5a053a68f87c6e6e2d06a65ef97c28e001efb380cc046a3f89858",
    "https://esm.sh/v135/@sapphire/snowflake@3.5.3/denonext/snowflake.mjs": "4e7c9df78da7a4d1928849ecc7f3e596e2e5b3f8b558bba645a9e040cd65b2f0",
    "https://esm.sh/v135/@vladfrangu/async_event_emitter@2.2.4/denonext/async_event_emitter.mjs": "67afc6b05a2d9322b4acb2d28b65ad0382dc4b7fe389f4ec230f7ce22413948f",
    "https://esm.sh/v135/discord-api-types@0.37.83/denonext/globals.js": "ef50592b5fc6051accd1e6ca4e1da4b6b049b4aa0f08013c2ee1a737a2b71e0d",
    "https://esm.sh/v135/discord-api-types@0.37.83/denonext/v10.js": "34be3884755a6d09405ab498872afaef8b728770e5e8db611d5b30f231ac0840",
    "https://esm.sh/v135/magic-bytes.js@1.10.0/denonext/magic-bytes.mjs": "303cb470b61aa1e7b673393def739a47892c8ba63703bab7f1f15c71dc07ef27"
  },
  "workspace": {
    "dependencies": [
      "jsr:@std/encoding@^0.224.3",
      "jsr:@std/fs@^0.229.3",
      "jsr:@std/http@^0.224.5",
      "npm:tweetnacl@1.0.3"
    ]
  }
}
