{
  "version": "3",
  "packages": {
    "specifiers": {
      "jsr:@std/encoding@^0.224.3": "jsr:@std/encoding@0.224.3",
      "jsr:@std/fs@^0.229.3": "jsr:@std/fs@0.229.3",
      "jsr:@std/http@^0.224.5": "jsr:@std/http@0.224.5",
      "jsr:@std/path@1.0.0-rc.1": "jsr:@std/path@1.0.0-rc.1",
      "npm:@types/node": "npm:@types/node@18.16.19",
      "npm:tweetnacl@1.0.3": "npm:tweetnacl@1.0.3"
    },
    "jsr": {
      "@std/encoding@0.224.3": {
        "integrity": "5e861b6d81be5359fad4155e591acf17c0207b595112d1840998bb9f476dbdaf"
      },
      "@std/fs@0.229.3": {
        "integrity": "783bca21f24da92e04c3893c9e79653227ab016c48e96b3078377ebd5222e6eb",
        "dependencies": [
          "jsr:@std/path@1.0.0-rc.1"
        ]
      },
      "@std/http@0.224.5": {
        "integrity": "b03b5d1529f6c423badfb82f6640f9f2557b4034cd7c30655ba5bb447ff750a4"
      },
      "@std/path@1.0.0-rc.1": {
        "integrity": "b8c00ae2f19106a6bb7cbf1ab9be52aa70de1605daeb2dbdc4f87a7cbaf10ff6"
      }
    },
    "npm": {
      "@types/node@18.16.19": {
        "integrity": "sha512-IXl7o+R9iti9eBW4Wg2hx1xQDig183jj7YLn8F7udNceyfkbn1ZxmzZXuak20gR40D7pIkIY1kYGx5VIGbaHKA==",
        "dependencies": {}
      },
      "tweetnacl@1.0.3": {
        "integrity": "sha512-6rt+RN7aOi1nGMyC4Xa5DdYiukl2UWCbcJft7YhxReBGQD7OAM8Pbxw6YMo4r2diNEA8FEmu32YOn9rhaiE5yw==",
        "dependencies": {}
      }
    }
  },
  "redirects": {
    "https://deno.land/x/discord_api_types/v10.ts": "https://deno.land/x/discord_api_types@0.37.90/v10.ts"
  },
  "remote": {
    "https://deno.land/x/discord_api_types@0.37.90/gateway/common.ts": "c568382f2e1a8bdf5c5d37b622c32ad5428b70ea9eb6abef40914ce4e4de56a0",
    "https://deno.land/x/discord_api_types@0.37.90/gateway/v10.ts": "c01cc6fcf08840cfb352b4596c3adb835e616ad6ddedd683a4eb56f71658cd12",
    "https://deno.land/x/discord_api_types@0.37.90/globals.ts": "7d8879654c4741ac071668ad52f2659bcdb66694cfe7da306c8437ec752807a7",
    "https://deno.land/x/discord_api_types@0.37.90/payloads/common.ts": "21ab88b2222627c8cc9817d36ffd5679db87de65f21172a9d271f93ab3a34d69",
    "https://deno.land/x/discord_api_types@0.37.90/payloads/v10/_interactions/_applicationCommands/_chatInput/attachment.ts": "c66dccd54c1b84d073f2e1caa466e551b8045a84a2e8a88a1bfbc7e2c64a703d",
    "https://deno.land/x/discord_api_types@0.37.90/payloads/v10/_interactions/_applicationCommands/_chatInput/base.ts": "f6a2556e14d489e1f0e5ddeb3a0303e2603e25330530dd9263e176013c5f51eb",
    "https://deno.land/x/discord_api_types@0.37.90/payloads/v10/_interactions/_applicationCommands/_chatInput/boolean.ts": "65e29561b61785ca4ede4b1b4a88c5fc0696cfdf1fa74d5197588c196ee7ae98",
    "https://deno.land/x/discord_api_types@0.37.90/payloads/v10/_interactions/_applicationCommands/_chatInput/channel.ts": "73c7fc49de242e1ce3be958375fd810750aed83553ef3860e3cddf858f9eb464",
    "https://deno.land/x/discord_api_types@0.37.90/payloads/v10/_interactions/_applicationCommands/_chatInput/integer.ts": "a25d24a3e54d647c7039b99e3208fc0fc2228d174f6dcc421e93919b8154a011",
    "https://deno.land/x/discord_api_types@0.37.90/payloads/v10/_interactions/_applicationCommands/_chatInput/mentionable.ts": "742e42857465866e0c08b587d7fb5ccd81d4705c61ce4cd6b97ad5692e88e969",
    "https://deno.land/x/discord_api_types@0.37.90/payloads/v10/_interactions/_applicationCommands/_chatInput/number.ts": "be974ea68f5fdf55d7a7f5d3faf48a3193777d432b1aa9087afc204bcb916284",
    "https://deno.land/x/discord_api_types@0.37.90/payloads/v10/_interactions/_applicationCommands/_chatInput/role.ts": "a57114d0f7eeee4ab7cf217a865dd9dbd9096d007c556aec6185d64257100f41",
    "https://deno.land/x/discord_api_types@0.37.90/payloads/v10/_interactions/_applicationCommands/_chatInput/shared.ts": "de4aee14f9cd21e8dbff6c523cb90be9f4273893347fef00930919a976f598b6",
    "https://deno.land/x/discord_api_types@0.37.90/payloads/v10/_interactions/_applicationCommands/_chatInput/string.ts": "33ab12dab64544a70729b9b66b5a9790964ea779f05d4ab1a1e190e7c1b59e98",
    "https://deno.land/x/discord_api_types@0.37.90/payloads/v10/_interactions/_applicationCommands/_chatInput/subcommand.ts": "0013737da6d2b54e2f413fbf31cf9c84ea51bd9204b615cb4fd19b420f856cb2",
    "https://deno.land/x/discord_api_types@0.37.90/payloads/v10/_interactions/_applicationCommands/_chatInput/subcommandGroup.ts": "db5cc701bcb3d68c094de409da39c9a2b8834dc0d5038e5f963c96e5eaf412ac",
    "https://deno.land/x/discord_api_types@0.37.90/payloads/v10/_interactions/_applicationCommands/_chatInput/user.ts": "ed2871693744298225ba53ddfb18d3e7afff20a34f413822d5b1193918aea27f",
    "https://deno.land/x/discord_api_types@0.37.90/payloads/v10/_interactions/_applicationCommands/chatInput.ts": "1f88245356202857d7a38d21af8ea1c96a65d7da5563734e5ea4af67ba51d1ae",
    "https://deno.land/x/discord_api_types@0.37.90/payloads/v10/_interactions/_applicationCommands/contextMenu.ts": "e40500fa8c61f624575a789516e12d6219ce5299fa88da657963c97772ac00df",
    "https://deno.land/x/discord_api_types@0.37.90/payloads/v10/_interactions/_applicationCommands/internals.ts": "5eb5ea13a1247c73c0611886dea09ab8d632a9c5555ff0f33d44cd379fd75a08",
    "https://deno.land/x/discord_api_types@0.37.90/payloads/v10/_interactions/_applicationCommands/permissions.ts": "5af8dd6bac57e87d1339ab5e1c7465aab5c4e4f4aeac7a4808ff2cc3d1a315fc",
    "https://deno.land/x/discord_api_types@0.37.90/payloads/v10/_interactions/applicationCommands.ts": "5922f5903179a2c05edd5729aca92f82f0fe9c8ecdccc0a621059341914e1cee",
    "https://deno.land/x/discord_api_types@0.37.90/payloads/v10/_interactions/autocomplete.ts": "821ae50ff9845cac4b03169dbd4c4b187d8399765eb1f0d658d477c68e4c6136",
    "https://deno.land/x/discord_api_types@0.37.90/payloads/v10/_interactions/base.ts": "0758bc46880dd95ff132c40022c3978e54d27c33ef95bacec3a6dc8423d0ebb1",
    "https://deno.land/x/discord_api_types@0.37.90/payloads/v10/_interactions/messageComponents.ts": "9248c572492a5ea11a05c4f8f58c99f94b41425794b1133d5dd389127197eabf",
    "https://deno.land/x/discord_api_types@0.37.90/payloads/v10/_interactions/modalSubmit.ts": "3a02d2d7df5bcdb1ffcd089f15e0d82ab65dcc0cefa904c6e0621f46edac041e",
    "https://deno.land/x/discord_api_types@0.37.90/payloads/v10/_interactions/ping.ts": "096ce582e9af373649fd5355cccd7424adceaffb73367b5301f1594ef5a3c264",
    "https://deno.land/x/discord_api_types@0.37.90/payloads/v10/_interactions/responses.ts": "3f4d90ac0d1f8384f048a6c39472eecdaf71a187abdefd149794abcdc422be55",
    "https://deno.land/x/discord_api_types@0.37.90/payloads/v10/application.ts": "71a01c10a6459dfe7f8e2a2130e10934857ba1fbf7c2353a2b2d78cf6a85eefe",
    "https://deno.land/x/discord_api_types@0.37.90/payloads/v10/auditLog.ts": "0feac5ec3233170766ba471fac719931ff97b86a1edcab3252999c07be4b2a1a",
    "https://deno.land/x/discord_api_types@0.37.90/payloads/v10/autoModeration.ts": "4a30b87b4642fad14fc5929a086bbbbba0083eade4b9a94519984e2302c3b8fc",
    "https://deno.land/x/discord_api_types@0.37.90/payloads/v10/channel.ts": "4c3e75547c965771c5cd59bccf58c9d30ce6e5e41f0ec0fae271890038f6933a",
    "https://deno.land/x/discord_api_types@0.37.90/payloads/v10/emoji.ts": "b9a30b16e1ec4dc15d6149e59aa48b02ad57a51335b7be5a7f5368db0491b3dd",
    "https://deno.land/x/discord_api_types@0.37.90/payloads/v10/gateway.ts": "a00dd57a6756a98a024502d76381b57a66321b4d91d663de14e325e5ff21ae48",
    "https://deno.land/x/discord_api_types@0.37.90/payloads/v10/guild.ts": "62b337c0aaeae8efc01ed611574335feded7af01a7fb62599824cdce2faae71f",
    "https://deno.land/x/discord_api_types@0.37.90/payloads/v10/guildScheduledEvent.ts": "16073e6dc7193eac59d6de79c1ab1070daf02b9466dccc866100cb7a3780be59",
    "https://deno.land/x/discord_api_types@0.37.90/payloads/v10/interactions.ts": "d2c31c147ec49663dc26c314eb2e764537dbf7f2f82eb1e659ae4dea9609ba41",
    "https://deno.land/x/discord_api_types@0.37.90/payloads/v10/invite.ts": "aa2ef8af8aa3087c7869e53c390ad53e072253611849bce923bb18ea42448b0e",
    "https://deno.land/x/discord_api_types@0.37.90/payloads/v10/mod.ts": "4300a57e791b6820a3ecb4e46b33dd30dacc203d2cd59df4b3ce2e8f526a0dc9",
    "https://deno.land/x/discord_api_types@0.37.90/payloads/v10/monetization.ts": "17fc1f7e2a245e2c4248f1920a97a441d9a3a33bc2749af4ee85ed5cd2024056",
    "https://deno.land/x/discord_api_types@0.37.90/payloads/v10/oauth2.ts": "dfb9f09fb44bf5faaa73ad4488ebe408905907d5fd46404895317f4e7c378489",
    "https://deno.land/x/discord_api_types@0.37.90/payloads/v10/permissions.ts": "5e7990e6dad3e35f8c130dc52de4bbf63afe5d6ad98e1c56b09da3ead94ad5a4",
    "https://deno.land/x/discord_api_types@0.37.90/payloads/v10/poll.ts": "fd8a89530f3ff159229e6437107b355e70678bf056ae7adda9c011673c59a0ef",
    "https://deno.land/x/discord_api_types@0.37.90/payloads/v10/stageInstance.ts": "0f7ebce1aba67578f178a7c2aba783b4ec0e639c99d0a353888d678a92685c5c",
    "https://deno.land/x/discord_api_types@0.37.90/payloads/v10/sticker.ts": "6afaf40e19632cad9e3935477ab7d77a163a5d7419f6fdcc122d4762982513ec",
    "https://deno.land/x/discord_api_types@0.37.90/payloads/v10/teams.ts": "101044d8c48a3cbabb60048eff9f69588bdd1ea84d1825de0372b4e23ad7ccbe",
    "https://deno.land/x/discord_api_types@0.37.90/payloads/v10/template.ts": "c6bee171ed0ce61fc8b59de42541a023bdcde62718deb42325397e5c82efdc27",
    "https://deno.land/x/discord_api_types@0.37.90/payloads/v10/user.ts": "83cb921f7bbd028eead703a9a9b4951db02c588f4a4ea9d1d1301e318eabe104",
    "https://deno.land/x/discord_api_types@0.37.90/payloads/v10/voice.ts": "62d03a540f2e78e5f3989f71a0ee1ec682ef7306a4fa096f89118cbd82351d47",
    "https://deno.land/x/discord_api_types@0.37.90/payloads/v10/webhook.ts": "7fc370f40a84f12a6e57ddda7cf2814f15039d6320b46979db0b49d5b91e303b",
    "https://deno.land/x/discord_api_types@0.37.90/rest/common.ts": "953624f9e481ed90f557c8022036cecc803f27335cf7eb0b99654ce8e6f7a997",
    "https://deno.land/x/discord_api_types@0.37.90/rest/v10/application.ts": "c20d4766bea01eb6b584a52e577f5a1ba78498e2fd28edbad3b20298c8130774",
    "https://deno.land/x/discord_api_types@0.37.90/rest/v10/auditLog.ts": "39a0914b6c51445023d82c3e3e66c9866cbb3cb6774d3e7eac63414ea9bcbfec",
    "https://deno.land/x/discord_api_types@0.37.90/rest/v10/autoModeration.ts": "3d388fd9a91c34f04b5e3e1b6ffe12029fb48b511f37ff88042325ec6cbc6605",
    "https://deno.land/x/discord_api_types@0.37.90/rest/v10/channel.ts": "8768b5d921d49f53b0430725a7564c129b3be58dc4832b58e791bc98f380ba04",
    "https://deno.land/x/discord_api_types@0.37.90/rest/v10/emoji.ts": "9f694a1bd63886c62a87b4320f3bfa5d4f534b2d87c317d77d572d10522df3aa",
    "https://deno.land/x/discord_api_types@0.37.90/rest/v10/gateway.ts": "747cb95c9a8bca4e52423c780d5fc492fb0dab2b6015cd7e51e890e8d51acf29",
    "https://deno.land/x/discord_api_types@0.37.90/rest/v10/guild.ts": "e6e28477a878897454b02dfa40ba86f30647c54e2a07fa6ddea093f55d438769",
    "https://deno.land/x/discord_api_types@0.37.90/rest/v10/guildScheduledEvent.ts": "29d361f395d8cd1ecb47550615d19e10793d513cc5ad8d32895da2cc9cd0fd89",
    "https://deno.land/x/discord_api_types@0.37.90/rest/v10/interactions.ts": "1cad44445af98f6e5e5e12796c1c3f72a5d10a3c7d3984cbcae98bcc8fb6a834",
    "https://deno.land/x/discord_api_types@0.37.90/rest/v10/invite.ts": "28f8e740bdaa782c9d9d504049323762b5c1180348019dc5f9e0a900ec11213e",
    "https://deno.land/x/discord_api_types@0.37.90/rest/v10/mod.ts": "67106f453fed5b69d87da878399c553982e16964c2f5a0b26b490bd1cd443a43",
    "https://deno.land/x/discord_api_types@0.37.90/rest/v10/monetization.ts": "5517c5a4c58963ad9f4b5d5ab6f8d93402db2566a3996c4f92d8e90599039fab",
    "https://deno.land/x/discord_api_types@0.37.90/rest/v10/oauth2.ts": "72c27a1d44d4e5dff8ae10619989ad8786a783b477d7f84b9bebfbdd75481006",
    "https://deno.land/x/discord_api_types@0.37.90/rest/v10/poll.ts": "02cabcc0eb5c670934f08d3c9ce17d169cc929baf49021a604a81323549ecd52",
    "https://deno.land/x/discord_api_types@0.37.90/rest/v10/stageInstance.ts": "a090ff8b54f77188323af5d06cdef9c42738edf9a9b0eba8aad3c89d5ac5569f",
    "https://deno.land/x/discord_api_types@0.37.90/rest/v10/sticker.ts": "1f7f2729308a0ec1fe373b5df7ac71bafc200132f1a06df7e75bf5ce1d1069c1",
    "https://deno.land/x/discord_api_types@0.37.90/rest/v10/template.ts": "0ad41c3c85571d3c5b0bec3914c678a21f376ec162ef0d3f1f7731a8d1d1009c",
    "https://deno.land/x/discord_api_types@0.37.90/rest/v10/user.ts": "8ea167fc3537f4af0ec4618a3ee4f74819de9b8eeb588ec228583943844b6e0c",
    "https://deno.land/x/discord_api_types@0.37.90/rest/v10/voice.ts": "cdbe9d6c39c8f44635d8632bf62a95b8c15877b92c56ddf69df2072bb1a74edc",
    "https://deno.land/x/discord_api_types@0.37.90/rest/v10/webhook.ts": "462dcca7537a8a30af46afac0533394740c9a9365067ac1715915fc1fca999f9",
    "https://deno.land/x/discord_api_types@0.37.90/rpc/common.ts": "a693352ffd86ae9e995fb3fbfbfd2be30896257ecb83c5611050f060b08de4ef",
    "https://deno.land/x/discord_api_types@0.37.90/rpc/v10.ts": "fbaad9f3d73fce88e76b0e52ad5345093f18077e4293937c9ec0ee24415b9a93",
    "https://deno.land/x/discord_api_types@0.37.90/utils/internals.ts": "f0f9059a742d3a65b31077f0373b68921b0c2314985e8287cfd8fbb59a19f101",
    "https://deno.land/x/discord_api_types@0.37.90/utils/v10.ts": "2bf6a001a02e9958d1da37df412c11b04cd6ae2a6df6cfbae6c051088c37474b",
    "https://deno.land/x/discord_api_types@0.37.90/v10.ts": "f3f23492c59e77859aba5b34431edf3668c37f722d7f70c2e1ef7ba4bcda3010",
    "https://deno.land/x/discord_api_types@0.37.92/gateway/common.ts": "c568382f2e1a8bdf5c5d37b622c32ad5428b70ea9eb6abef40914ce4e4de56a0",
    "https://deno.land/x/discord_api_types@0.37.92/gateway/v10.ts": "c01cc6fcf08840cfb352b4596c3adb835e616ad6ddedd683a4eb56f71658cd12",
    "https://deno.land/x/discord_api_types@0.37.92/globals.ts": "7d8879654c4741ac071668ad52f2659bcdb66694cfe7da306c8437ec752807a7",
    "https://deno.land/x/discord_api_types@0.37.92/payloads/common.ts": "21ab88b2222627c8cc9817d36ffd5679db87de65f21172a9d271f93ab3a34d69",
    "https://deno.land/x/discord_api_types@0.37.92/payloads/v10/_interactions/_applicationCommands/_chatInput/attachment.ts": "c66dccd54c1b84d073f2e1caa466e551b8045a84a2e8a88a1bfbc7e2c64a703d",
    "https://deno.land/x/discord_api_types@0.37.92/payloads/v10/_interactions/_applicationCommands/_chatInput/base.ts": "f6a2556e14d489e1f0e5ddeb3a0303e2603e25330530dd9263e176013c5f51eb",
    "https://deno.land/x/discord_api_types@0.37.92/payloads/v10/_interactions/_applicationCommands/_chatInput/boolean.ts": "65e29561b61785ca4ede4b1b4a88c5fc0696cfdf1fa74d5197588c196ee7ae98",
    "https://deno.land/x/discord_api_types@0.37.92/payloads/v10/_interactions/_applicationCommands/_chatInput/channel.ts": "73c7fc49de242e1ce3be958375fd810750aed83553ef3860e3cddf858f9eb464",
    "https://deno.land/x/discord_api_types@0.37.92/payloads/v10/_interactions/_applicationCommands/_chatInput/integer.ts": "a25d24a3e54d647c7039b99e3208fc0fc2228d174f6dcc421e93919b8154a011",
    "https://deno.land/x/discord_api_types@0.37.92/payloads/v10/_interactions/_applicationCommands/_chatInput/mentionable.ts": "742e42857465866e0c08b587d7fb5ccd81d4705c61ce4cd6b97ad5692e88e969",
    "https://deno.land/x/discord_api_types@0.37.92/payloads/v10/_interactions/_applicationCommands/_chatInput/number.ts": "be974ea68f5fdf55d7a7f5d3faf48a3193777d432b1aa9087afc204bcb916284",
    "https://deno.land/x/discord_api_types@0.37.92/payloads/v10/_interactions/_applicationCommands/_chatInput/role.ts": "a57114d0f7eeee4ab7cf217a865dd9dbd9096d007c556aec6185d64257100f41",
    "https://deno.land/x/discord_api_types@0.37.92/payloads/v10/_interactions/_applicationCommands/_chatInput/shared.ts": "de4aee14f9cd21e8dbff6c523cb90be9f4273893347fef00930919a976f598b6",
    "https://deno.land/x/discord_api_types@0.37.92/payloads/v10/_interactions/_applicationCommands/_chatInput/string.ts": "33ab12dab64544a70729b9b66b5a9790964ea779f05d4ab1a1e190e7c1b59e98",
    "https://deno.land/x/discord_api_types@0.37.92/payloads/v10/_interactions/_applicationCommands/_chatInput/subcommand.ts": "0013737da6d2b54e2f413fbf31cf9c84ea51bd9204b615cb4fd19b420f856cb2",
    "https://deno.land/x/discord_api_types@0.37.92/payloads/v10/_interactions/_applicationCommands/_chatInput/subcommandGroup.ts": "db5cc701bcb3d68c094de409da39c9a2b8834dc0d5038e5f963c96e5eaf412ac",
    "https://deno.land/x/discord_api_types@0.37.92/payloads/v10/_interactions/_applicationCommands/_chatInput/user.ts": "ed2871693744298225ba53ddfb18d3e7afff20a34f413822d5b1193918aea27f",
    "https://deno.land/x/discord_api_types@0.37.92/payloads/v10/_interactions/_applicationCommands/chatInput.ts": "1f88245356202857d7a38d21af8ea1c96a65d7da5563734e5ea4af67ba51d1ae",
    "https://deno.land/x/discord_api_types@0.37.92/payloads/v10/_interactions/_applicationCommands/contextMenu.ts": "e40500fa8c61f624575a789516e12d6219ce5299fa88da657963c97772ac00df",
    "https://deno.land/x/discord_api_types@0.37.92/payloads/v10/_interactions/_applicationCommands/internals.ts": "5eb5ea13a1247c73c0611886dea09ab8d632a9c5555ff0f33d44cd379fd75a08",
    "https://deno.land/x/discord_api_types@0.37.92/payloads/v10/_interactions/_applicationCommands/permissions.ts": "5af8dd6bac57e87d1339ab5e1c7465aab5c4e4f4aeac7a4808ff2cc3d1a315fc",
    "https://deno.land/x/discord_api_types@0.37.92/payloads/v10/_interactions/applicationCommands.ts": "5922f5903179a2c05edd5729aca92f82f0fe9c8ecdccc0a621059341914e1cee",
    "https://deno.land/x/discord_api_types@0.37.92/payloads/v10/_interactions/autocomplete.ts": "821ae50ff9845cac4b03169dbd4c4b187d8399765eb1f0d658d477c68e4c6136",
    "https://deno.land/x/discord_api_types@0.37.92/payloads/v10/_interactions/base.ts": "0758bc46880dd95ff132c40022c3978e54d27c33ef95bacec3a6dc8423d0ebb1",
    "https://deno.land/x/discord_api_types@0.37.92/payloads/v10/_interactions/messageComponents.ts": "9248c572492a5ea11a05c4f8f58c99f94b41425794b1133d5dd389127197eabf",
    "https://deno.land/x/discord_api_types@0.37.92/payloads/v10/_interactions/modalSubmit.ts": "3a02d2d7df5bcdb1ffcd089f15e0d82ab65dcc0cefa904c6e0621f46edac041e",
    "https://deno.land/x/discord_api_types@0.37.92/payloads/v10/_interactions/ping.ts": "096ce582e9af373649fd5355cccd7424adceaffb73367b5301f1594ef5a3c264",
    "https://deno.land/x/discord_api_types@0.37.92/payloads/v10/_interactions/responses.ts": "3f4d90ac0d1f8384f048a6c39472eecdaf71a187abdefd149794abcdc422be55",
    "https://deno.land/x/discord_api_types@0.37.92/payloads/v10/application.ts": "71a01c10a6459dfe7f8e2a2130e10934857ba1fbf7c2353a2b2d78cf6a85eefe",
    "https://deno.land/x/discord_api_types@0.37.92/payloads/v10/auditLog.ts": "0feac5ec3233170766ba471fac719931ff97b86a1edcab3252999c07be4b2a1a",
    "https://deno.land/x/discord_api_types@0.37.92/payloads/v10/autoModeration.ts": "4a30b87b4642fad14fc5929a086bbbbba0083eade4b9a94519984e2302c3b8fc",
    "https://deno.land/x/discord_api_types@0.37.92/payloads/v10/channel.ts": "3a337c599d3e534de85ada1f52a22e98af7b236b0ba5413cdb9c98554f17f770",
    "https://deno.land/x/discord_api_types@0.37.92/payloads/v10/emoji.ts": "b9a30b16e1ec4dc15d6149e59aa48b02ad57a51335b7be5a7f5368db0491b3dd",
    "https://deno.land/x/discord_api_types@0.37.92/payloads/v10/gateway.ts": "a00dd57a6756a98a024502d76381b57a66321b4d91d663de14e325e5ff21ae48",
    "https://deno.land/x/discord_api_types@0.37.92/payloads/v10/guild.ts": "62b337c0aaeae8efc01ed611574335feded7af01a7fb62599824cdce2faae71f",
    "https://deno.land/x/discord_api_types@0.37.92/payloads/v10/guildScheduledEvent.ts": "16073e6dc7193eac59d6de79c1ab1070daf02b9466dccc866100cb7a3780be59",
    "https://deno.land/x/discord_api_types@0.37.92/payloads/v10/interactions.ts": "d2c31c147ec49663dc26c314eb2e764537dbf7f2f82eb1e659ae4dea9609ba41",
    "https://deno.land/x/discord_api_types@0.37.92/payloads/v10/invite.ts": "aa2ef8af8aa3087c7869e53c390ad53e072253611849bce923bb18ea42448b0e",
    "https://deno.land/x/discord_api_types@0.37.92/payloads/v10/mod.ts": "4300a57e791b6820a3ecb4e46b33dd30dacc203d2cd59df4b3ce2e8f526a0dc9",
    "https://deno.land/x/discord_api_types@0.37.92/payloads/v10/monetization.ts": "17fc1f7e2a245e2c4248f1920a97a441d9a3a33bc2749af4ee85ed5cd2024056",
    "https://deno.land/x/discord_api_types@0.37.92/payloads/v10/oauth2.ts": "dfb9f09fb44bf5faaa73ad4488ebe408905907d5fd46404895317f4e7c378489",
    "https://deno.land/x/discord_api_types@0.37.92/payloads/v10/permissions.ts": "5e7990e6dad3e35f8c130dc52de4bbf63afe5d6ad98e1c56b09da3ead94ad5a4",
    "https://deno.land/x/discord_api_types@0.37.92/payloads/v10/poll.ts": "0aa18bf0990b5b321f93e7f4eec69ee91c7494c1ed70810568587d86ad4065f3",
    "https://deno.land/x/discord_api_types@0.37.92/payloads/v10/stageInstance.ts": "0f7ebce1aba67578f178a7c2aba783b4ec0e639c99d0a353888d678a92685c5c",
    "https://deno.land/x/discord_api_types@0.37.92/payloads/v10/sticker.ts": "6afaf40e19632cad9e3935477ab7d77a163a5d7419f6fdcc122d4762982513ec",
    "https://deno.land/x/discord_api_types@0.37.92/payloads/v10/teams.ts": "101044d8c48a3cbabb60048eff9f69588bdd1ea84d1825de0372b4e23ad7ccbe",
    "https://deno.land/x/discord_api_types@0.37.92/payloads/v10/template.ts": "c6bee171ed0ce61fc8b59de42541a023bdcde62718deb42325397e5c82efdc27",
    "https://deno.land/x/discord_api_types@0.37.92/payloads/v10/user.ts": "83cb921f7bbd028eead703a9a9b4951db02c588f4a4ea9d1d1301e318eabe104",
    "https://deno.land/x/discord_api_types@0.37.92/payloads/v10/voice.ts": "62d03a540f2e78e5f3989f71a0ee1ec682ef7306a4fa096f89118cbd82351d47",
    "https://deno.land/x/discord_api_types@0.37.92/payloads/v10/webhook.ts": "7fc370f40a84f12a6e57ddda7cf2814f15039d6320b46979db0b49d5b91e303b",
    "https://deno.land/x/discord_api_types@0.37.92/rest/common.ts": "953624f9e481ed90f557c8022036cecc803f27335cf7eb0b99654ce8e6f7a997",
    "https://deno.land/x/discord_api_types@0.37.92/rest/v10/application.ts": "c20d4766bea01eb6b584a52e577f5a1ba78498e2fd28edbad3b20298c8130774",
    "https://deno.land/x/discord_api_types@0.37.92/rest/v10/auditLog.ts": "39a0914b6c51445023d82c3e3e66c9866cbb3cb6774d3e7eac63414ea9bcbfec",
    "https://deno.land/x/discord_api_types@0.37.92/rest/v10/autoModeration.ts": "3d388fd9a91c34f04b5e3e1b6ffe12029fb48b511f37ff88042325ec6cbc6605",
    "https://deno.land/x/discord_api_types@0.37.92/rest/v10/channel.ts": "8768b5d921d49f53b0430725a7564c129b3be58dc4832b58e791bc98f380ba04",
    "https://deno.land/x/discord_api_types@0.37.92/rest/v10/emoji.ts": "9f694a1bd63886c62a87b4320f3bfa5d4f534b2d87c317d77d572d10522df3aa",
    "https://deno.land/x/discord_api_types@0.37.92/rest/v10/gateway.ts": "747cb95c9a8bca4e52423c780d5fc492fb0dab2b6015cd7e51e890e8d51acf29",
    "https://deno.land/x/discord_api_types@0.37.92/rest/v10/guild.ts": "e6e28477a878897454b02dfa40ba86f30647c54e2a07fa6ddea093f55d438769",
    "https://deno.land/x/discord_api_types@0.37.92/rest/v10/guildScheduledEvent.ts": "29d361f395d8cd1ecb47550615d19e10793d513cc5ad8d32895da2cc9cd0fd89",
    "https://deno.land/x/discord_api_types@0.37.92/rest/v10/interactions.ts": "1cad44445af98f6e5e5e12796c1c3f72a5d10a3c7d3984cbcae98bcc8fb6a834",
    "https://deno.land/x/discord_api_types@0.37.92/rest/v10/invite.ts": "28f8e740bdaa782c9d9d504049323762b5c1180348019dc5f9e0a900ec11213e",
    "https://deno.land/x/discord_api_types@0.37.92/rest/v10/mod.ts": "67106f453fed5b69d87da878399c553982e16964c2f5a0b26b490bd1cd443a43",
    "https://deno.land/x/discord_api_types@0.37.92/rest/v10/monetization.ts": "5517c5a4c58963ad9f4b5d5ab6f8d93402db2566a3996c4f92d8e90599039fab",
    "https://deno.land/x/discord_api_types@0.37.92/rest/v10/oauth2.ts": "72c27a1d44d4e5dff8ae10619989ad8786a783b477d7f84b9bebfbdd75481006",
    "https://deno.land/x/discord_api_types@0.37.92/rest/v10/poll.ts": "840f469608d21da13ad30e42a0a0ddc87c21bf046fb064897803a4e54e14a08a",
    "https://deno.land/x/discord_api_types@0.37.92/rest/v10/stageInstance.ts": "a090ff8b54f77188323af5d06cdef9c42738edf9a9b0eba8aad3c89d5ac5569f",
    "https://deno.land/x/discord_api_types@0.37.92/rest/v10/sticker.ts": "1f7f2729308a0ec1fe373b5df7ac71bafc200132f1a06df7e75bf5ce1d1069c1",
    "https://deno.land/x/discord_api_types@0.37.92/rest/v10/template.ts": "0ad41c3c85571d3c5b0bec3914c678a21f376ec162ef0d3f1f7731a8d1d1009c",
    "https://deno.land/x/discord_api_types@0.37.92/rest/v10/user.ts": "8ea167fc3537f4af0ec4618a3ee4f74819de9b8eeb588ec228583943844b6e0c",
    "https://deno.land/x/discord_api_types@0.37.92/rest/v10/voice.ts": "cdbe9d6c39c8f44635d8632bf62a95b8c15877b92c56ddf69df2072bb1a74edc",
    "https://deno.land/x/discord_api_types@0.37.92/rest/v10/webhook.ts": "462dcca7537a8a30af46afac0533394740c9a9365067ac1715915fc1fca999f9",
    "https://deno.land/x/discord_api_types@0.37.92/rpc/common.ts": "a693352ffd86ae9e995fb3fbfbfd2be30896257ecb83c5611050f060b08de4ef",
    "https://deno.land/x/discord_api_types@0.37.92/rpc/v10.ts": "fbaad9f3d73fce88e76b0e52ad5345093f18077e4293937c9ec0ee24415b9a93",
    "https://deno.land/x/discord_api_types@0.37.92/utils/internals.ts": "f0f9059a742d3a65b31077f0373b68921b0c2314985e8287cfd8fbb59a19f101",
    "https://deno.land/x/discord_api_types@0.37.92/utils/v10.ts": "2bf6a001a02e9958d1da37df412c11b04cd6ae2a6df6cfbae6c051088c37474b",
    "https://deno.land/x/discord_api_types@0.37.92/v10.ts": "f3f23492c59e77859aba5b34431edf3668c37f722d7f70c2e1ef7ba4bcda3010",
    "https://esm.sh/@discordjs/core@1.2.0/http-only": "4f9856f5d37ea652fd87abfa30a3a311963a1c0d422f3d817e664bbaf57a04d2",
    "https://esm.sh/@discordjs/formatters@0.4.0": "c4e1c7d2165850b1608e799e35d293b61bf1e3336cea460dca4c7f74609c2d6d",
    "https://esm.sh/@discordjs/rest@2.3.0": "31cc3e0501611cca780908be7cba5883930216b61f7cb2cf4f6a102c1fa4bdb2",
    "https://esm.sh/v135/@discordjs/collection@2.1.0/denonext/collection.mjs": "5dc704971ad5f773bd1a0c6afcbc0bf587b507b3b7e66942345a6b6117b06999",
    "https://esm.sh/v135/@discordjs/core@1.2.0/denonext/http-only.js": "22d90375285d18df9f6064b10b26dc6864348ba44f1b68a3d840eaf28c0dbe4c",
    "https://esm.sh/v135/@discordjs/formatters@0.4.0/denonext/formatters.mjs": "fdf2ceaec86e54ac5918faecb8516706edb166029f6ad204397d129c6352f202",
    "https://esm.sh/v135/@discordjs/rest@2.3.0/denonext/rest.mjs": "1ac04e19153efa9b49eb89b5d758dea01f35c4caf6453033456d1d5820c2ce62",
    "https://esm.sh/v135/@discordjs/util@1.1.0/denonext/util.mjs": "ad2eacd37b22aab590091864e3b6686ccb30fca2a6a669ffa8a988d662e3fd6d",
    "https://esm.sh/v135/@sapphire/async-queue@1.5.2/denonext/async-queue.mjs": "29f569d214f5a053a68f87c6e6e2d06a65ef97c28e001efb380cc046a3f89858",
    "https://esm.sh/v135/@sapphire/snowflake@3.5.3/denonext/snowflake.mjs": "4e7c9df78da7a4d1928849ecc7f3e596e2e5b3f8b558bba645a9e040cd65b2f0",
    "https://esm.sh/v135/@vladfrangu/async_event_emitter@2.2.4/denonext/async_event_emitter.mjs": "67afc6b05a2d9322b4acb2d28b65ad0382dc4b7fe389f4ec230f7ce22413948f",
    "https://esm.sh/v135/discord-api-types@0.37.83/denonext/globals.js": "ef50592b5fc6051accd1e6ca4e1da4b6b049b4aa0f08013c2ee1a737a2b71e0d",
    "https://esm.sh/v135/discord-api-types@0.37.83/denonext/v10.js": "34be3884755a6d09405ab498872afaef8b728770e5e8db611d5b30f231ac0840",
    "https://esm.sh/v135/magic-bytes.js@1.10.0/denonext/magic-bytes.mjs": "303cb470b61aa1e7b673393def739a47892c8ba63703bab7f1f15c71dc07ef27"
  },
  "workspace": {
    "dependencies": [
      "jsr:@std/encoding@^0.224.3",
      "jsr:@std/fs@^0.229.3",
      "jsr:@std/http@^0.224.5",
      "npm:tweetnacl@1.0.3"
    ]
  }
}
